
Microsoft Visual Studio Solution File, Format Version 11.00
# Visual Studio 2010
Project("{FAE04EC0-301F-11D3-BF4B-00C04F79EFBC}") = "SeiShinDo.Web", "SeiShinDo.Web\SeiShinDo.Web.csproj", "{4DBAFF0F-2E79-411E-AC75-CA9C6A2ED93E}"
EndProject
Project("{FAE04EC0-301F-11D3-BF4B-00C04F79EFBC}") = "SeiShinDo.Web.Tests", "SeiShinDo.Web.Tests\SeiShinDo.Web.Tests.csproj", "{3A6B332B-DE9A-4FD0-9B23-C9DFD6E14368}"
EndProject
Project("{FAE04EC0-301F-11D3-BF4B-00C04F79EFBC}") = "SeiShinDo.DTO", "SeiShinDoDTO\SeiShinDo.DTO.csproj", "{8EBD6C93-94CE-4966-B3BE-3EBE829041A2}"
EndProject
Project("{FAE04EC0-301F-11D3-BF4B-00C04F79EFBC}") = "SeiShinDo.BC", "SeiShinDo.BC\SeiShinDo.BC.csproj", "{7D8D9097-75A3-4448-8A0D-499D902FDCF3}"
EndProject
Project("{FAE04EC0-301F-11D3-BF4B-00C04F79EFBC}") = "SeiShinDo.DAL", "SeiShinDo.DAL\SeiShinDo.DAL.csproj", "{4B7C8277-F2D4-446A-B8CD-DF9F5323AFE7}"
EndProject
Project("{2150E333-8FDC-42A3-9474-1A3956D46DE8}") = "1.1 - Presentation-MVC", "1.1 - Presentation-MVC", "{115AE772-0C52-4ED4-9F40-98E75CB71DA1}"
EndProject
Project("{2150E333-8FDC-42A3-9474-1A3956D46DE8}") = "2 - BusinessComponents", "2 - BusinessComponents", "{DD700E20-0C06-4045-A9D3-D0319140D908}"
EndProject
Project("{2150E333-8FDC-42A3-9474-1A3956D46DE8}") = "3 - DataAccessLayer", "3 - DataAccessLayer", "{C3DC195B-C98F-49E4-92D3-7935890A1B01}"
EndProject
Project("{2150E333-8FDC-42A3-9474-1A3956D46DE8}") = "4 - Common", "4 - Common", "{7960AEEB-BF92-4A6D-BADB-3503A7DF2573}"
EndProject
Project("{FAE04EC0-301F-11D3-BF4B-00C04F79EFBC}") = "SeiShinDo.Common", "SeiShinDo.Common\SeiShinDo.Common.csproj", "{5B9AAA8C-CC39-4CAA-AAF9-EB90855FC9FD}"
EndProject
Project("{2150E333-8FDC-42A3-9474-1A3956D46DE8}") = "1.2 - Presentation-Silverlight", "1.2 - Presentation-Silverlight", "{20A9777B-072F-484C-890C-4D93CAC3E0EE}"
EndProject
Project("{2150E333-8FDC-42A3-9474-1A3956D46DE8}") = "1.3 - Presentation-ASP.NET", "1.3 - Presentation-ASP.NET", "{9C4FA00A-F78C-4E98-B46F-8FCEDAA93A8E}"
EndProject
Project("{FAE04EC0-301F-11D3-BF4B-00C04F79EFBC}") = "SeiShinDo.EntityFramework", "SeiShinDo.EntityFramework\SeiShinDo.EntityFramework.csproj", "{1B6EEEA0-DE7C-410D-A653-97C48927C4E6}"
EndProject
Project("{FAE04EC0-301F-11D3-BF4B-00C04F79EFBC}") = "SeiShinDo.Web.Common", "SeiShinDo.Web.Common\SeiShinDo.Web.Common.csproj", "{10B0B3AA-7682-4B3B-AA00-23342145601B}"
EndProject
Global
	GlobalSection(SolutionConfigurationPlatforms) = preSolution
		Debug|Any CPU = Debug|Any CPU
		Release|Any CPU = Release|Any CPU
	EndGlobalSection
	GlobalSection(ProjectConfigurationPlatforms) = postSolution
		{4DBAFF0F-2E79-411E-AC75-CA9C6A2ED93E}.Debug|Any CPU.ActiveCfg = Debug|Any CPU
		{4DBAFF0F-2E79-411E-AC75-CA9C6A2ED93E}.Debug|Any CPU.Build.0 = Debug|Any CPU
		{4DBAFF0F-2E79-411E-AC75-CA9C6A2ED93E}.Release|Any CPU.ActiveCfg = Release|Any CPU
		{4DBAFF0F-2E79-411E-AC75-CA9C6A2ED93E}.Release|Any CPU.Build.0 = Release|Any CPU
		{3A6B332B-DE9A-4FD0-9B23-C9DFD6E14368}.Debug|Any CPU.ActiveCfg = Debug|Any CPU
		{3A6B332B-DE9A-4FD0-9B23-C9DFD6E14368}.Debug|Any CPU.Build.0 = Debug|Any CPU
		{3A6B332B-DE9A-4FD0-9B23-C9DFD6E14368}.Release|Any CPU.ActiveCfg = Release|Any CPU
		{3A6B332B-DE9A-4FD0-9B23-C9DFD6E14368}.Release|Any CPU.Build.0 = Release|Any CPU
		{8EBD6C93-94CE-4966-B3BE-3EBE829041A2}.Debug|Any CPU.ActiveCfg = Debug|Any CPU
		{8EBD6C93-94CE-4966-B3BE-3EBE829041A2}.Debug|Any CPU.Build.0 = Debug|Any CPU
		{8EBD6C93-94CE-4966-B3BE-3EBE829041A2}.Release|Any CPU.ActiveCfg = Release|Any CPU
		{8EBD6C93-94CE-4966-B3BE-3EBE829041A2}.Release|Any CPU.Build.0 = Release|Any CPU
		{7D8D9097-75A3-4448-8A0D-499D902FDCF3}.Debug|Any CPU.ActiveCfg = Debug|Any CPU
		{7D8D9097-75A3-4448-8A0D-499D902FDCF3}.Debug|Any CPU.Build.0 = Debug|Any CPU
		{7D8D9097-75A3-4448-8A0D-499D902FDCF3}.Release|Any CPU.ActiveCfg = Release|Any CPU
		{7D8D9097-75A3-4448-8A0D-499D902FDCF3}.Release|Any CPU.Build.0 = Release|Any CPU
		{4B7C8277-F2D4-446A-B8CD-DF9F5323AFE7}.Debug|Any CPU.ActiveCfg = Debug|Any CPU
		{4B7C8277-F2D4-446A-B8CD-DF9F5323AFE7}.Debug|Any CPU.Build.0 = Debug|Any CPU
		{4B7C8277-F2D4-446A-B8CD-DF9F5323AFE7}.Release|Any CPU.ActiveCfg = Release|Any CPU
		{4B7C8277-F2D4-446A-B8CD-DF9F5323AFE7}.Release|Any CPU.Build.0 = Release|Any CPU
		{5B9AAA8C-CC39-4CAA-AAF9-EB90855FC9FD}.Debug|Any CPU.ActiveCfg = Debug|Any CPU
		{5B9AAA8C-CC39-4CAA-AAF9-EB90855FC9FD}.Debug|Any CPU.Build.0 = Debug|Any CPU
		{5B9AAA8C-CC39-4CAA-AAF9-EB90855FC9FD}.Release|Any CPU.ActiveCfg = Release|Any CPU
		{5B9AAA8C-CC39-4CAA-AAF9-EB90855FC9FD}.Release|Any CPU.Build.0 = Release|Any CPU
		{1B6EEEA0-DE7C-410D-A653-97C48927C4E6}.Debug|Any CPU.ActiveCfg = Debug|Any CPU
		{1B6EEEA0-DE7C-410D-A653-97C48927C4E6}.Debug|Any CPU.Build.0 = Debug|Any CPU
		{1B6EEEA0-DE7C-410D-A653-97C48927C4E6}.Release|Any CPU.ActiveCfg = Release|Any CPU
		{1B6EEEA0-DE7C-410D-A653-97C48927C4E6}.Release|Any CPU.Build.0 = Release|Any CPU
		{10B0B3AA-7682-4B3B-AA00-23342145601B}.Debug|Any CPU.ActiveCfg = Debug|Any CPU
		{10B0B3AA-7682-4B3B-AA00-23342145601B}.Debug|Any CPU.Build.0 = Debug|Any CPU
		{10B0B3AA-7682-4B3B-AA00-23342145601B}.Release|Any CPU.ActiveCfg = Release|Any CPU
		{10B0B3AA-7682-4B3B-AA00-23342145601B}.Release|Any CPU.Build.0 = Release|Any CPU
	EndGlobalSection
	GlobalSection(SolutionProperties) = preSolution
		HideSolutionNode = FALSE
	EndGlobalSection
	GlobalSection(NestedProjects) = preSolution
		{3A6B332B-DE9A-4FD0-9B23-C9DFD6E14368} = {115AE772-0C52-4ED4-9F40-98E75CB71DA1}
		{4DBAFF0F-2E79-411E-AC75-CA9C6A2ED93E} = {115AE772-0C52-4ED4-9F40-98E75CB71DA1}
		{10B0B3AA-7682-4B3B-AA00-23342145601B} = {115AE772-0C52-4ED4-9F40-98E75CB71DA1}
		{4B7C8277-F2D4-446A-B8CD-DF9F5323AFE7} = {C3DC195B-C98F-49E4-92D3-7935890A1B01}
		{8EBD6C93-94CE-4966-B3BE-3EBE829041A2} = {C3DC195B-C98F-49E4-92D3-7935890A1B01}
		{1B6EEEA0-DE7C-410D-A653-97C48927C4E6} = {C3DC195B-C98F-49E4-92D3-7935890A1B01}
		{7D8D9097-75A3-4448-8A0D-499D902FDCF3} = {DD700E20-0C06-4045-A9D3-D0319140D908}
		{5B9AAA8C-CC39-4CAA-AAF9-EB90855FC9FD} = {7960AEEB-BF92-4A6D-BADB-3503A7DF2573}
	EndGlobalSection
EndGlobal
